
Microsoft Visual Studio Solution File, Format Version 12.00
# Visual Studio Version 16
VisualStudioVersion = 16.0.31624.102
MinimumVisualStudioVersion = 10.0.40219.1
Project("{FAE04EC0-301F-11D3-BF4B-00C04F79EFBC}") = "AgenciaBancaria.App", "AgenciaBancaria.App\AgenciaBancaria.App.csproj", "{FD1BA63F-181E-4D3C-B53D-242C8BED8DB5}"
EndProject
Project("{FAE04EC0-301F-11D3-BF4B-00C04F79EFBC}") = "AgenciaBancaria.Dominio", "AgenciaBancaria.Dominio\AgenciaBancaria.Dominio.csproj", "{7074120B-8594-4BC8-B400-C9C325D2FD9A}"
EndProject
Global
	GlobalSection(SolutionConfigurationPlatforms) = preSolution
		Debug|Any CPU = Debug|Any CPU
		Release|Any CPU = Release|Any CPU
	EndGlobalSection
	GlobalSection(ProjectConfigurationPlatforms) = postSolution
		{FD1BA63F-181E-4D3C-B53D-242C8BED8DB5}.Debug|Any CPU.ActiveCfg = Debug|Any CPU
		{FD1BA63F-181E-4D3C-B53D-242C8BED8DB5}.Debug|Any CPU.Build.0 = Debug|Any CPU
		{FD1BA63F-181E-4D3C-B53D-242C8BED8DB5}.Release|Any CPU.ActiveCfg = Release|Any CPU
		{FD1BA63F-181E-4D3C-B53D-242C8BED8DB5}.Release|Any CPU.Build.0 = Release|Any CPU
		{7074120B-8594-4BC8-B400-C9C325D2FD9A}.Debug|Any CPU.ActiveCfg = Debug|Any CPU
		{7074120B-8594-4BC8-B400-C9C325D2FD9A}.Debug|Any CPU.Build.0 = Debug|Any CPU
		{7074120B-8594-4BC8-B400-C9C325D2FD9A}.Release|Any CPU.ActiveCfg = Release|Any CPU
		{7074120B-8594-4BC8-B400-C9C325D2FD9A}.Release|Any CPU.Build.0 = Release|Any CPU
	EndGlobalSection
	GlobalSection(SolutionProperties) = preSolution
		HideSolutionNode = FALSE
	EndGlobalSection
	GlobalSection(ExtensibilityGlobals) = postSolution
		SolutionGuid = {92A8043F-E523-48F7-A3A5-0C24E644DC56}
	EndGlobalSection
EndGlobal
